{
  "requires": true,
  "lockfileVersion": 1,
  "dependencies": {
    "@dune369/ajs": {
      "version": "1.0.0",
      "resolved": "https://npm.pkg.github.com/download/@dune369/ajs/1.0.0/fd342b99c63f288ed4efe971ca58e18fe7599001ac0426b8665b0a0a5959a089",
      "integrity": "sha512-yLkozxDJCl42veSUmNtRelBU695889mF3hremHR/bMOdWrxNt49/xjOZxTMMP7l31zOTtMTVLdqeU9mzehahMw=="
    }
  }
}
